
Microsoft Visual Studio Solution File, Format Version 12.00
# Visual Studio Version 16
VisualStudioVersion = 16.0.30907.101
MinimumVisualStudioVersion = 10.0.40219.1
Project("{FAE04EC0-301F-11D3-BF4B-00C04F79EFBC}") = "MvxStarter.Core", "MvxStarter.Core\MvxStarter.Core.csproj", "{F2AC6A3A-A2E6-47D5-A38D-E7604A815AD9}"
EndProject
Project("{FAE04EC0-301F-11D3-BF4B-00C04F79EFBC}") = "MvxStarter.Wpf", "MvxStarter.Wpf\MvxStarter.Wpf.csproj", "{1E1E7480-44CC-4245-A8F8-93B8953E3C8A}"
EndProject
Global
	GlobalSection(SolutionConfigurationPlatforms) = preSolution
		Debug|Any CPU = Debug|Any CPU
		Release|Any CPU = Release|Any CPU
	EndGlobalSection
	GlobalSection(ProjectConfigurationPlatforms) = postSolution
		{F2AC6A3A-A2E6-47D5-A38D-E7604A815AD9}.Debug|Any CPU.ActiveCfg = Debug|Any CPU
		{F2AC6A3A-A2E6-47D5-A38D-E7604A815AD9}.Debug|Any CPU.Build.0 = Debug|Any CPU
		{F2AC6A3A-A2E6-47D5-A38D-E7604A815AD9}.Release|Any CPU.ActiveCfg = Release|Any CPU
		{F2AC6A3A-A2E6-47D5-A38D-E7604A815AD9}.Release|Any CPU.Build.0 = Release|Any CPU
		{1E1E7480-44CC-4245-A8F8-93B8953E3C8A}.Debug|Any CPU.ActiveCfg = Debug|Any CPU
		{1E1E7480-44CC-4245-A8F8-93B8953E3C8A}.Debug|Any CPU.Build.0 = Debug|Any CPU
		{1E1E7480-44CC-4245-A8F8-93B8953E3C8A}.Release|Any CPU.ActiveCfg = Release|Any CPU
		{1E1E7480-44CC-4245-A8F8-93B8953E3C8A}.Release|Any CPU.Build.0 = Release|Any CPU
	EndGlobalSection
	GlobalSection(SolutionProperties) = preSolution
		HideSolutionNode = FALSE
	EndGlobalSection
	GlobalSection(ExtensibilityGlobals) = postSolution
		SolutionGuid = {B6D51950-2973-49C5-9BC3-21D5BEB93F1E}
	EndGlobalSection
EndGlobal
